{
  "version": 4,
  "terraform_version": "1.5.7",
  "serial": 6,
  "lineage": "e0047ec6-1706-f627-a13e-e7930d89ffe2",
  "outputs": {},
  "resources": [
    {
      "mode": "data",
      "type": "azurerm_subnet",
      "name": "existing",
      "provider": "provider[\"registry.terraform.io/hashicorp/azurerm\"]",
      "instances": [
        {
          "schema_version": 0,
          "attributes": {
            "address_prefix": "",
            "address_prefixes": [
              "10.0.0.0/24"
            ],
            "default_outbound_access_enabled": true,
            "id": "/subscriptions/5f211b9b-bcb8-434f-9098-8b59dcb748a1/resourceGroups/rg_lltie_pheonix_aks_lab/providers/Microsoft.Network/virtualNetworks/vnet_aks_litellm_poc/subnets/subnet_aks_litellm_poc",
            "name": "subnet_aks_litellm_poc",
            "network_security_group_id": "",
            "private_endpoint_network_policies": "Disabled",
            "private_link_service_network_policies_enabled": true,
            "resource_group_name": "rg_lltie_pheonix_aks_lab",
            "route_table_id": "",
            "service_endpoints": [],
            "timeouts": null,
            "virtual_network_name": "vnet_aks_litellm_poc"
          },
          "sensitive_attributes": []
        }
      ]
    },
    {
      "module": "module.aks_litellm",
      "mode": "managed",
      "type": "azurerm_container_registry",
      "name": "acr",
      "provider": "provider[\"registry.terraform.io/hashicorp/azurerm\"]",
      "instances": [
        {
          "schema_version": 2,
          "attributes": {
            "admin_enabled": false,
            "admin_password": "",
            "admin_username": "",
            "anonymous_pull_enabled": false,
            "data_endpoint_enabled": false,
            "data_endpoint_host_names": [],
            "encryption": [],
            "export_policy_enabled": true,
            "georeplications": [],
            "id": "/subscriptions/5f211b9b-bcb8-434f-9098-8b59dcb748a1/resourceGroups/rg_lltie_pheonix_aks_lab_tf/providers/Microsoft.ContainerRegistry/registries/acrakslitellmpoc",
            "identity": [],
            "location": "eastus",
            "login_server": "acrakslitellmpoc.azurecr.io",
            "name": "acrakslitellmpoc",
            "network_rule_bypass_option": "AzureServices",
            "network_rule_set": [],
            "public_network_access_enabled": true,
            "quarantine_policy_enabled": false,
            "resource_group_name": "rg_lltie_pheonix_aks_lab_tf",
            "retention_policy_in_days": 0,
            "sku": "Standard",
            "tags": {},
            "timeouts": null,
            "trust_policy_enabled": false,
            "zone_redundancy_enabled": false
          },
          "sensitive_attributes": [],
          "private": "eyJlMmJmYjczMC1lY2FhLTExZTYtOGY4OC0zNDM2M2JjN2M0YzAiOnsiY3JlYXRlIjoxODAwMDAwMDAwMDAwLCJkZWxldGUiOjE4MDAwMDAwMDAwMDAsInJlYWQiOjMwMDAwMDAwMDAwMCwidXBkYXRlIjoxODAwMDAwMDAwMDAwfSwic2NoZW1hX3ZlcnNpb24iOiIyIn0=",
          "dependencies": [
            "module.prod_rg.azurerm_resource_group.rg"
          ]
        }
      ]
    },
    {
      "module": "module.aks_litellm",
      "mode": "managed",
      "type": "azurerm_role_assignment",
      "name": "aks_acr",
      "provider": "provider[\"registry.terraform.io/hashicorp/azurerm\"]",
      "instances": []
    },
    {
      "module": "module.prod_rg",
      "mode": "managed",
      "type": "azurerm_resource_group",
      "name": "rg",
      "provider": "provider[\"registry.terraform.io/hashicorp/azurerm\"]",
      "instances": [
        {
          "schema_version": 0,
          "attributes": {
            "id": "/subscriptions/5f211b9b-bcb8-434f-9098-8b59dcb748a1/resourceGroups/rg_lltie_pheonix_aks_lab_tf",
            "location": "eastus",
            "managed_by": "",
            "name": "rg_lltie_pheonix_aks_lab_tf",
            "tags": {
              "Environment": "dev",
              "ManagedBy": "Terraform",
              "Owner": "Ishu"
            },
            "timeouts": null
          },
          "sensitive_attributes": [],
          "private": "eyJlMmJmYjczMC1lY2FhLTExZTYtOGY4OC0zNDM2M2JjN2M0YzAiOnsiY3JlYXRlIjo1NDAwMDAwMDAwMDAwLCJkZWxldGUiOjU0MDAwMDAwMDAwMDAsInJlYWQiOjMwMDAwMDAwMDAwMCwidXBkYXRlIjo1NDAwMDAwMDAwMDAwfX0="
        }
      ]
    }
  ],
  "check_results": null
}
